
Microsoft Visual Studio Solution File, Format Version 12.00
# Visual Studio Version 17
VisualStudioVersion = 17.9.34728.123
MinimumVisualStudioVersion = 10.0.40219.1
Project("{FAE04EC0-301F-11D3-BF4B-00C04F79EFBC}") = "Improvements to params Arrays", "Improvements to params Arrays\Improvements to params Arrays.csproj", "{79552201-746B-49CE-85C1-7CA076A9EF33}"
EndProject
Global
	GlobalSection(SolutionConfigurationPlatforms) = preSolution
		Debug|Any CPU = Debug|Any CPU
		Release|Any CPU = Release|Any CPU
	EndGlobalSection
	GlobalSection(ProjectConfigurationPlatforms) = postSolution
		{79552201-746B-49CE-85C1-7CA076A9EF33}.Debug|Any CPU.ActiveCfg = Debug|Any CPU
		{79552201-746B-49CE-85C1-7CA076A9EF33}.Debug|Any CPU.Build.0 = Debug|Any CPU
		{79552201-746B-49CE-85C1-7CA076A9EF33}.Release|Any CPU.ActiveCfg = Release|Any CPU
		{79552201-746B-49CE-85C1-7CA076A9EF33}.Release|Any CPU.Build.0 = Release|Any CPU
	EndGlobalSection
	GlobalSection(SolutionProperties) = preSolution
		HideSolutionNode = FALSE
	EndGlobalSection
	GlobalSection(ExtensibilityGlobals) = postSolution
		SolutionGuid = {5C9F0703-3D0C-4F80-AC44-C823C38A05FF}
	EndGlobalSection
EndGlobal
